
Microsoft Visual Studio Solution File, Format Version 12.00
# Visual Studio Version 17
VisualStudioVersion = 17.7.34009.444
MinimumVisualStudioVersion = 10.0.40219.1
Project("{FAE04EC0-301F-11D3-BF4B-00C04F79EFBC}") = "PegaDiscount", "PegaDiscount\PegaDiscount.csproj", "{11FB6755-1AF9-4789-B0A4-AD2FE6BE984E}"
EndProject
Global
	GlobalSection(SolutionConfigurationPlatforms) = preSolution
		Debug|Any CPU = Debug|Any CPU
		Release|Any CPU = Release|Any CPU
	EndGlobalSection
	GlobalSection(ProjectConfigurationPlatforms) = postSolution
		{11FB6755-1AF9-4789-B0A4-AD2FE6BE984E}.Debug|Any CPU.ActiveCfg = Debug|Any CPU
		{11FB6755-1AF9-4789-B0A4-AD2FE6BE984E}.Debug|Any CPU.Build.0 = Debug|Any CPU
		{11FB6755-1AF9-4789-B0A4-AD2FE6BE984E}.Release|Any CPU.ActiveCfg = Release|Any CPU
		{11FB6755-1AF9-4789-B0A4-AD2FE6BE984E}.Release|Any CPU.Build.0 = Release|Any CPU
	EndGlobalSection
	GlobalSection(SolutionProperties) = preSolution
		HideSolutionNode = FALSE
	EndGlobalSection
	GlobalSection(ExtensibilityGlobals) = postSolution
		SolutionGuid = {A79CE020-D777-4B01-B8C4-853E5D0CBA30}
	EndGlobalSection
EndGlobal
